
Microsoft Visual Studio Solution File, Format Version 12.00
# Visual Studio Version 17
VisualStudioVersion = 17.3.32929.385
MinimumVisualStudioVersion = 10.0.40219.1
Project("{FAE04EC0-301F-11D3-BF4B-00C04F79EFBC}") = "eShowroom", "eShowroom\eShowroom.csproj", "{AB83A10E-297F-4F9A-A6AB-A59CF042DCD2}"
EndProject
Global
	GlobalSection(SolutionConfigurationPlatforms) = preSolution
		Debug|Any CPU = Debug|Any CPU
		Release|Any CPU = Release|Any CPU
	EndGlobalSection
	GlobalSection(ProjectConfigurationPlatforms) = postSolution
		{AB83A10E-297F-4F9A-A6AB-A59CF042DCD2}.Debug|Any CPU.ActiveCfg = Debug|Any CPU
		{AB83A10E-297F-4F9A-A6AB-A59CF042DCD2}.Debug|Any CPU.Build.0 = Debug|Any CPU
		{AB83A10E-297F-4F9A-A6AB-A59CF042DCD2}.Release|Any CPU.ActiveCfg = Release|Any CPU
		{AB83A10E-297F-4F9A-A6AB-A59CF042DCD2}.Release|Any CPU.Build.0 = Release|Any CPU
	EndGlobalSection
	GlobalSection(SolutionProperties) = preSolution
		HideSolutionNode = FALSE
	EndGlobalSection
	GlobalSection(ExtensibilityGlobals) = postSolution
		SolutionGuid = {9E7B15A7-32FC-4744-AE25-EC6C4356989F}
	EndGlobalSection
EndGlobal
